
Microsoft Visual Studio Solution File, Format Version 12.00
# Visual Studio 15
VisualStudioVersion = 15.0.28307.572
MinimumVisualStudioVersion = 10.0.40219.1
Project("{8BC9CEB8-8B4A-11D0-8D11-00A0C91BC942}") = "tree laba iit-students-charity", "tree laba iit-students-charity\tree laba iit-students-charity.vcxproj", "{D6894381-0DF1-47E2-95AF-40413D82BE75}"
EndProject
Global
	GlobalSection(SolutionConfigurationPlatforms) = preSolution
		Debug|x64 = Debug|x64
		Debug|x86 = Debug|x86
		Release|x64 = Release|x64
		Release|x86 = Release|x86
	EndGlobalSection
	GlobalSection(ProjectConfigurationPlatforms) = postSolution
		{D6894381-0DF1-47E2-95AF-40413D82BE75}.Debug|x64.ActiveCfg = Debug|x64
		{D6894381-0DF1-47E2-95AF-40413D82BE75}.Debug|x64.Build.0 = Debug|x64
		{D6894381-0DF1-47E2-95AF-40413D82BE75}.Debug|x86.ActiveCfg = Debug|Win32
		{D6894381-0DF1-47E2-95AF-40413D82BE75}.Debug|x86.Build.0 = Debug|Win32
		{D6894381-0DF1-47E2-95AF-40413D82BE75}.Release|x64.ActiveCfg = Release|x64
		{D6894381-0DF1-47E2-95AF-40413D82BE75}.Release|x64.Build.0 = Release|x64
		{D6894381-0DF1-47E2-95AF-40413D82BE75}.Release|x86.ActiveCfg = Release|Win32
		{D6894381-0DF1-47E2-95AF-40413D82BE75}.Release|x86.Build.0 = Release|Win32
	EndGlobalSection
	GlobalSection(SolutionProperties) = preSolution
		HideSolutionNode = FALSE
	EndGlobalSection
	GlobalSection(ExtensibilityGlobals) = postSolution
		SolutionGuid = {61D3FDB3-94FD-4B00-A68D-B2F510CDCA64}
	EndGlobalSection
EndGlobal
